
Microsoft Visual Studio Solution File, Format Version 12.00
# Visual Studio Version 17
VisualStudioVersion = 17.3.32901.215
MinimumVisualStudioVersion = 10.0.40219.1
Project("{FAE04EC0-301F-11D3-BF4B-00C04F79EFBC}") = "RoomQueue", "RoomQueue\RoomQueue.csproj", "{5990CB45-EA63-48F2-9195-AA6E6C15876C}"
EndProject
Global
	GlobalSection(SolutionConfigurationPlatforms) = preSolution
		Debug|Any CPU = Debug|Any CPU
		Release|Any CPU = Release|Any CPU
	EndGlobalSection
	GlobalSection(ProjectConfigurationPlatforms) = postSolution
		{5990CB45-EA63-48F2-9195-AA6E6C15876C}.Debug|Any CPU.ActiveCfg = Debug|Any CPU
		{5990CB45-EA63-48F2-9195-AA6E6C15876C}.Debug|Any CPU.Build.0 = Debug|Any CPU
		{5990CB45-EA63-48F2-9195-AA6E6C15876C}.Release|Any CPU.ActiveCfg = Release|Any CPU
		{5990CB45-EA63-48F2-9195-AA6E6C15876C}.Release|Any CPU.Build.0 = Release|Any CPU
	EndGlobalSection
	GlobalSection(SolutionProperties) = preSolution
		HideSolutionNode = FALSE
	EndGlobalSection
	GlobalSection(ExtensibilityGlobals) = postSolution
		SolutionGuid = {24AB892E-CC8A-4BC2-90AF-94F3984A972C}
	EndGlobalSection
EndGlobal
